
Microsoft Visual Studio Solution File, Format Version 12.00
# Visual Studio 2013
VisualStudioVersion = 12.0.40629.0
MinimumVisualStudioVersion = 10.0.40219.1
Project("{FAE04EC0-301F-11D3-BF4B-00C04F79EFBC}") = "NewWave.Test", "NewWave.Test\NewWave.Test.csproj", "{2710E02C-51D2-42C7-96F8-0DDDD3FD3021}"
EndProject
Project("{FAE04EC0-301F-11D3-BF4B-00C04F79EFBC}") = "NewWave.Core", "NewWave.Core\NewWave.Core.csproj", "{3125133D-EDA7-448D-9D9D-3AC19CEA0EA7}"
EndProject
Project("{FAE04EC0-301F-11D3-BF4B-00C04F79EFBC}") = "NewWave.Midi", "NewWave.Midi\NewWave.Midi.csproj", "{0ECAF30F-55BA-4DC0-8E99-F85307C9AB8D}"
EndProject
Global
	GlobalSection(SolutionConfigurationPlatforms) = preSolution
		Debug|Any CPU = Debug|Any CPU
		Release|Any CPU = Release|Any CPU
	EndGlobalSection
	GlobalSection(ProjectConfigurationPlatforms) = postSolution
		{2710E02C-51D2-42C7-96F8-0DDDD3FD3021}.Debug|Any CPU.ActiveCfg = Debug|Any CPU
		{2710E02C-51D2-42C7-96F8-0DDDD3FD3021}.Debug|Any CPU.Build.0 = Debug|Any CPU
		{2710E02C-51D2-42C7-96F8-0DDDD3FD3021}.Release|Any CPU.ActiveCfg = Release|Any CPU
		{2710E02C-51D2-42C7-96F8-0DDDD3FD3021}.Release|Any CPU.Build.0 = Release|Any CPU
		{3125133D-EDA7-448D-9D9D-3AC19CEA0EA7}.Debug|Any CPU.ActiveCfg = Debug|Any CPU
		{3125133D-EDA7-448D-9D9D-3AC19CEA0EA7}.Debug|Any CPU.Build.0 = Debug|Any CPU
		{3125133D-EDA7-448D-9D9D-3AC19CEA0EA7}.Release|Any CPU.ActiveCfg = Release|Any CPU
		{3125133D-EDA7-448D-9D9D-3AC19CEA0EA7}.Release|Any CPU.Build.0 = Release|Any CPU
		{0ECAF30F-55BA-4DC0-8E99-F85307C9AB8D}.Debug|Any CPU.ActiveCfg = Debug|Any CPU
		{0ECAF30F-55BA-4DC0-8E99-F85307C9AB8D}.Debug|Any CPU.Build.0 = Debug|Any CPU
		{0ECAF30F-55BA-4DC0-8E99-F85307C9AB8D}.Release|Any CPU.ActiveCfg = Release|Any CPU
		{0ECAF30F-55BA-4DC0-8E99-F85307C9AB8D}.Release|Any CPU.Build.0 = Release|Any CPU
	EndGlobalSection
	GlobalSection(SolutionProperties) = preSolution
		HideSolutionNode = FALSE
	EndGlobalSection
EndGlobal
