
Microsoft Visual Studio Solution File, Format Version 12.00
# Visual Studio 2013
VisualStudioVersion = 12.0.40629.0
MinimumVisualStudioVersion = 10.0.40219.1
Project("{FAE04EC0-301F-11D3-BF4B-00C04F79EFBC}") = "NewWave.Test", "NewWave.Test\NewWave.Test.csproj", "{2710E02C-51D2-42C7-96F8-0DDDD3FD3021}"
EndProject
Project("{FAE04EC0-301F-11D3-BF4B-00C04F79EFBC}") = "NewWave.Midi", "NewWave.Midi\NewWave.Midi.csproj", "{0ECAF30F-55BA-4DC0-8E99-F85307C9AB8D}"
EndProject
Project("{FAE04EC0-301F-11D3-BF4B-00C04F79EFBC}") = "NewWave.Core", "NewWave.Core\NewWave.Core.csproj", "{FA86D790-DE62-46D9-A3B6-0FD84ACCB75D}"
EndProject
Project("{FAE04EC0-301F-11D3-BF4B-00C04F79EFBC}") = "NewWave.Generator", "NewWave.Generator\NewWave.Generator.csproj", "{B48F521E-0AA9-4EAB-9EC1-ECBC726981DD}"
EndProject
Global
	GlobalSection(SolutionConfigurationPlatforms) = preSolution
		Debug|Any CPU = Debug|Any CPU
		Release|Any CPU = Release|Any CPU
	EndGlobalSection
	GlobalSection(ProjectConfigurationPlatforms) = postSolution
		{2710E02C-51D2-42C7-96F8-0DDDD3FD3021}.Debug|Any CPU.ActiveCfg = Debug|Any CPU
		{2710E02C-51D2-42C7-96F8-0DDDD3FD3021}.Debug|Any CPU.Build.0 = Debug|Any CPU
		{2710E02C-51D2-42C7-96F8-0DDDD3FD3021}.Release|Any CPU.ActiveCfg = Release|Any CPU
		{2710E02C-51D2-42C7-96F8-0DDDD3FD3021}.Release|Any CPU.Build.0 = Release|Any CPU
		{0ECAF30F-55BA-4DC0-8E99-F85307C9AB8D}.Debug|Any CPU.ActiveCfg = Debug|Any CPU
		{0ECAF30F-55BA-4DC0-8E99-F85307C9AB8D}.Debug|Any CPU.Build.0 = Debug|Any CPU
		{0ECAF30F-55BA-4DC0-8E99-F85307C9AB8D}.Release|Any CPU.ActiveCfg = Release|Any CPU
		{0ECAF30F-55BA-4DC0-8E99-F85307C9AB8D}.Release|Any CPU.Build.0 = Release|Any CPU
		{FA86D790-DE62-46D9-A3B6-0FD84ACCB75D}.Debug|Any CPU.ActiveCfg = Debug|Any CPU
		{FA86D790-DE62-46D9-A3B6-0FD84ACCB75D}.Debug|Any CPU.Build.0 = Debug|Any CPU
		{FA86D790-DE62-46D9-A3B6-0FD84ACCB75D}.Release|Any CPU.ActiveCfg = Release|Any CPU
		{FA86D790-DE62-46D9-A3B6-0FD84ACCB75D}.Release|Any CPU.Build.0 = Release|Any CPU
		{B48F521E-0AA9-4EAB-9EC1-ECBC726981DD}.Debug|Any CPU.ActiveCfg = Debug|Any CPU
		{B48F521E-0AA9-4EAB-9EC1-ECBC726981DD}.Debug|Any CPU.Build.0 = Debug|Any CPU
		{B48F521E-0AA9-4EAB-9EC1-ECBC726981DD}.Release|Any CPU.ActiveCfg = Release|Any CPU
		{B48F521E-0AA9-4EAB-9EC1-ECBC726981DD}.Release|Any CPU.Build.0 = Release|Any CPU
	EndGlobalSection
	GlobalSection(SolutionProperties) = preSolution
		HideSolutionNode = FALSE
	EndGlobalSection
EndGlobal
